
Microsoft Visual Studio Solution File, Format Version 12.00
# Visual Studio 15
VisualStudioVersion = 15.0.27428.2015
MinimumVisualStudioVersion = 10.0.40219.1
Project("{FAE04EC0-301F-11D3-BF4B-00C04F79EFBC}") = "Empresa.CadCli.Core", "MinhaEmpresa.CadCli.Core\Empresa.CadCli.Core.csproj", "{63C21F8B-40AD-46B0-A336-6DA36DC43721}"
EndProject
Project("{FAE04EC0-301F-11D3-BF4B-00C04F79EFBC}") = "Empresa.CadCli.ConsoleAPP", "MinhaEmpresa.CadCli.ConsoleAPP\Empresa.CadCli.ConsoleAPP.csproj", "{594814AF-48B2-48FB-9189-078A7BBEA34A}"
EndProject
Project("{FAE04EC0-301F-11D3-BF4B-00C04F79EFBC}") = "Empresa.CadCli.WinAPP", "MinhaEmpresa.CadCli.WinAPP\Empresa.CadCli.WinAPP.csproj", "{9C11F989-C68C-4A5C-B938-456AD7E30E3B}"
EndProject
Global
	GlobalSection(SolutionConfigurationPlatforms) = preSolution
		Debug|Any CPU = Debug|Any CPU
		Release|Any CPU = Release|Any CPU
	EndGlobalSection
	GlobalSection(ProjectConfigurationPlatforms) = postSolution
		{63C21F8B-40AD-46B0-A336-6DA36DC43721}.Debug|Any CPU.ActiveCfg = Debug|Any CPU
		{63C21F8B-40AD-46B0-A336-6DA36DC43721}.Debug|Any CPU.Build.0 = Debug|Any CPU
		{63C21F8B-40AD-46B0-A336-6DA36DC43721}.Release|Any CPU.ActiveCfg = Release|Any CPU
		{63C21F8B-40AD-46B0-A336-6DA36DC43721}.Release|Any CPU.Build.0 = Release|Any CPU
		{594814AF-48B2-48FB-9189-078A7BBEA34A}.Debug|Any CPU.ActiveCfg = Debug|Any CPU
		{594814AF-48B2-48FB-9189-078A7BBEA34A}.Debug|Any CPU.Build.0 = Debug|Any CPU
		{594814AF-48B2-48FB-9189-078A7BBEA34A}.Release|Any CPU.ActiveCfg = Release|Any CPU
		{594814AF-48B2-48FB-9189-078A7BBEA34A}.Release|Any CPU.Build.0 = Release|Any CPU
		{9C11F989-C68C-4A5C-B938-456AD7E30E3B}.Debug|Any CPU.ActiveCfg = Debug|Any CPU
		{9C11F989-C68C-4A5C-B938-456AD7E30E3B}.Debug|Any CPU.Build.0 = Debug|Any CPU
		{9C11F989-C68C-4A5C-B938-456AD7E30E3B}.Release|Any CPU.ActiveCfg = Release|Any CPU
		{9C11F989-C68C-4A5C-B938-456AD7E30E3B}.Release|Any CPU.Build.0 = Release|Any CPU
	EndGlobalSection
	GlobalSection(SolutionProperties) = preSolution
		HideSolutionNode = FALSE
	EndGlobalSection
	GlobalSection(ExtensibilityGlobals) = postSolution
		SolutionGuid = {65EF957D-D21C-46E6-8B7B-01C0F1511584}
	EndGlobalSection
EndGlobal
